
Microsoft Visual Studio Solution File, Format Version 12.00
# Visual Studio Version 16
VisualStudioVersion = 16.0.30128.74
MinimumVisualStudioVersion = 10.0.40219.1
Project("{FAE04EC0-301F-11D3-BF4B-00C04F79EFBC}") = "Restaurant Menu", "Restaurant Menu.csproj", "{4AB7757F-C0E8-4FC7-AE0D-D73316372EFB}"
EndProject
Global
	GlobalSection(SolutionConfigurationPlatforms) = preSolution
		Debug|Any CPU = Debug|Any CPU
		Release|Any CPU = Release|Any CPU
	EndGlobalSection
	GlobalSection(ProjectConfigurationPlatforms) = postSolution
		{4AB7757F-C0E8-4FC7-AE0D-D73316372EFB}.Debug|Any CPU.ActiveCfg = Debug|Any CPU
		{4AB7757F-C0E8-4FC7-AE0D-D73316372EFB}.Debug|Any CPU.Build.0 = Debug|Any CPU
		{4AB7757F-C0E8-4FC7-AE0D-D73316372EFB}.Release|Any CPU.ActiveCfg = Release|Any CPU
		{4AB7757F-C0E8-4FC7-AE0D-D73316372EFB}.Release|Any CPU.Build.0 = Release|Any CPU
	EndGlobalSection
	GlobalSection(SolutionProperties) = preSolution
		HideSolutionNode = FALSE
	EndGlobalSection
	GlobalSection(ExtensibilityGlobals) = postSolution
		SolutionGuid = {B6DD79CF-5237-4BDF-B750-CBB938A2FEE5}
	EndGlobalSection
EndGlobal
